github.com/opendecree/decree/sdk/configclient v0.12.0-alpha.5 h1:Tq+T+bRXHoWhH8oJ7XFjrMNCZ2djpOseaGTe/C7a7I4=
github.com/opendecree/decree/sdk/configclient v0.12.0-alpha.5/go.mod h1:t9myZiP/tUTxGzRq0ldVdPMLMD83Q3gjgPLrC4GDYJE=
github.com/opendecree/decree/sdk/retry v0.12.0-alpha.5 h1:T3g+wnx65Ao4QcQ3zNI7mKpOJgXqovVvklCmJ88x5Ro=
github.com/opendecree/decree/sdk/retry v0.12.0-alpha.5/go.mod h1:1PLOEQC/m0Pg8tvyEpRVeIdL3OLCvrlD/QtbJpm0nOE=
